
Microsoft Visual Studio Solution File, Format Version 12.00
# Visual Studio Version 16
VisualStudioVersion = 16.0.30413.136
MinimumVisualStudioVersion = 10.0.40219.1
Project("{9A19103F-16F7-4668-BE54-9A1E7A4F7556}") = "HashtagWebApp", "HashtagWebApp\HashtagWebApp.csproj", "{FFA06AFD-5737-4B39-9F4B-5AD10B8DFE79}"
EndProject
Project("{9A19103F-16F7-4668-BE54-9A1E7A4F7556}") = "HashtagAPI", "HashtagAPI\HashtagAPI.csproj", "{059FD4B4-0B4F-4670-B0E8-6A687EA43D42}"
EndProject
Project("{9092AA53-FB77-4645-B42D-1CCCA6BD08BD}") = "Twitter Hashtag Node", "Twitter Hashtag Node\Twitter Hashtag Node.njsproj", "{8A71845A-FE9A-4AFA-89B5-62D20CB4CAF9}"
EndProject
Global
	GlobalSection(SolutionConfigurationPlatforms) = preSolution
		Debug|Any CPU = Debug|Any CPU
		Release|Any CPU = Release|Any CPU
	EndGlobalSection
	GlobalSection(ProjectConfigurationPlatforms) = postSolution
		{FFA06AFD-5737-4B39-9F4B-5AD10B8DFE79}.Debug|Any CPU.ActiveCfg = Debug|Any CPU
		{FFA06AFD-5737-4B39-9F4B-5AD10B8DFE79}.Debug|Any CPU.Build.0 = Debug|Any CPU
		{FFA06AFD-5737-4B39-9F4B-5AD10B8DFE79}.Release|Any CPU.ActiveCfg = Release|Any CPU
		{FFA06AFD-5737-4B39-9F4B-5AD10B8DFE79}.Release|Any CPU.Build.0 = Release|Any CPU
		{059FD4B4-0B4F-4670-B0E8-6A687EA43D42}.Debug|Any CPU.ActiveCfg = Debug|Any CPU
		{059FD4B4-0B4F-4670-B0E8-6A687EA43D42}.Debug|Any CPU.Build.0 = Debug|Any CPU
		{059FD4B4-0B4F-4670-B0E8-6A687EA43D42}.Release|Any CPU.ActiveCfg = Release|Any CPU
		{059FD4B4-0B4F-4670-B0E8-6A687EA43D42}.Release|Any CPU.Build.0 = Release|Any CPU
		{8A71845A-FE9A-4AFA-89B5-62D20CB4CAF9}.Debug|Any CPU.ActiveCfg = Debug|Any CPU
		{8A71845A-FE9A-4AFA-89B5-62D20CB4CAF9}.Debug|Any CPU.Build.0 = Debug|Any CPU
		{8A71845A-FE9A-4AFA-89B5-62D20CB4CAF9}.Release|Any CPU.ActiveCfg = Release|Any CPU
		{8A71845A-FE9A-4AFA-89B5-62D20CB4CAF9}.Release|Any CPU.Build.0 = Release|Any CPU
	EndGlobalSection
	GlobalSection(SolutionProperties) = preSolution
		HideSolutionNode = FALSE
	EndGlobalSection
	GlobalSection(ExtensibilityGlobals) = postSolution
		SolutionGuid = {07436E88-2DC4-42A4-9D8C-85ABDBCB839E}
	EndGlobalSection
EndGlobal
